
Microsoft Visual Studio Solution File, Format Version 12.00
# Visual Studio Version 17
VisualStudioVersion = 17.13.35806.99 d17.13
MinimumVisualStudioVersion = 10.0.40219.1
Project("{888888A0-9F3D-457C-B088-3A5042F75D52}") = "Week7_tutorial_asignment_u3296958_Task_1", "Week7_tutorial_asignment_u3296958_Task_1.pyproj", "{7DF84E6E-E081-4B70-9DAE-4C868CB95EF6}"
EndProject
Global
	GlobalSection(SolutionConfigurationPlatforms) = preSolution
		Debug|Any CPU = Debug|Any CPU
		Release|Any CPU = Release|Any CPU
	EndGlobalSection
	GlobalSection(ProjectConfigurationPlatforms) = postSolution
		{7DF84E6E-E081-4B70-9DAE-4C868CB95EF6}.Debug|Any CPU.ActiveCfg = Debug|Any CPU
		{7DF84E6E-E081-4B70-9DAE-4C868CB95EF6}.Release|Any CPU.ActiveCfg = Release|Any CPU
	EndGlobalSection
	GlobalSection(SolutionProperties) = preSolution
		HideSolutionNode = FALSE
	EndGlobalSection
	GlobalSection(ExtensibilityGlobals) = postSolution
		SolutionGuid = {30113724-3042-44CC-B60B-AE9773441336}
	EndGlobalSection
EndGlobal
